
Microsoft Visual Studio Solution File, Format Version 12.00
# Visual Studio Version 17
VisualStudioVersion = 17.1.32228.430
MinimumVisualStudioVersion = 10.0.40219.1
Project("{FAE04EC0-301F-11D3-BF4B-00C04F79EFBC}") = "SignatureApp.Web", "SignatureApp.Web\SignatureApp.Web.csproj", "{335267A4-29A1-4681-A6A4-680B0FC4C912}"
EndProject
Global
	GlobalSection(SolutionConfigurationPlatforms) = preSolution
		Debug|Any CPU = Debug|Any CPU
		Release|Any CPU = Release|Any CPU
	EndGlobalSection
	GlobalSection(ProjectConfigurationPlatforms) = postSolution
		{335267A4-29A1-4681-A6A4-680B0FC4C912}.Debug|Any CPU.ActiveCfg = Debug|Any CPU
		{335267A4-29A1-4681-A6A4-680B0FC4C912}.Debug|Any CPU.Build.0 = Debug|Any CPU
		{335267A4-29A1-4681-A6A4-680B0FC4C912}.Release|Any CPU.ActiveCfg = Release|Any CPU
		{335267A4-29A1-4681-A6A4-680B0FC4C912}.Release|Any CPU.Build.0 = Release|Any CPU
	EndGlobalSection
	GlobalSection(SolutionProperties) = preSolution
		HideSolutionNode = FALSE
	EndGlobalSection
	GlobalSection(ExtensibilityGlobals) = postSolution
		SolutionGuid = {F8E5DF8C-CB5C-40B2-A352-191D63E6B05B}
	EndGlobalSection
EndGlobal
